
Microsoft Visual Studio Solution File, Format Version 12.00
# Visual Studio Version 16
VisualStudioVersion = 16.0.30717.126
MinimumVisualStudioVersion = 10.0.40219.1
Project("{FAE04EC0-301F-11D3-BF4B-00C04F79EFBC}") = "TjkYoutubeDL", "TjkYoutubeDL\TjkYoutubeDL.csproj", "{03FA28AA-5EED-4307-9140-25E5B8F3862B}"
EndProject
Global
	GlobalSection(SolutionConfigurationPlatforms) = preSolution
		Debug|Any CPU = Debug|Any CPU
		Release|Any CPU = Release|Any CPU
	EndGlobalSection
	GlobalSection(ProjectConfigurationPlatforms) = postSolution
		{03FA28AA-5EED-4307-9140-25E5B8F3862B}.Debug|Any CPU.ActiveCfg = Debug|Any CPU
		{03FA28AA-5EED-4307-9140-25E5B8F3862B}.Debug|Any CPU.Build.0 = Debug|Any CPU
		{03FA28AA-5EED-4307-9140-25E5B8F3862B}.Release|Any CPU.ActiveCfg = Release|Any CPU
		{03FA28AA-5EED-4307-9140-25E5B8F3862B}.Release|Any CPU.Build.0 = Release|Any CPU
	EndGlobalSection
	GlobalSection(SolutionProperties) = preSolution
		HideSolutionNode = FALSE
	EndGlobalSection
	GlobalSection(ExtensibilityGlobals) = postSolution
		SolutionGuid = {189AC922-9537-45C4-939D-6238D928CAE9}
	EndGlobalSection
EndGlobal
